<?xml version="1.0" encoding="utf-8"?>
<Project ToolsVersion="4.0" xmlns="http://schemas.microsoft.com/developer/msbuild/2003">
  <ItemGroup>
    <Filter Include="资源文件">
      <UniqueIdentifier>{67DA6AB6-F800-4c08-8B7A-83BB121AAD01}</UniqueIdentifier>
      <Extensions>rc;ico;cur;bmp;dlg;rc2;rct;bin;rgs;gif;jpg;jpeg;jpe;resx;tiff;tif;png;wav;mfcribbon-ms</Extensions>
    </Filter>
    <Filter Include="CodeUnderTest">
      <UniqueIdentifier>{983cf2bd-918e-419a-b1b9-1f0811b294bf}</UniqueIdentifier>
    </Filter>
    <Filter Include="源文件">
      <UniqueIdentifier>{1b36b2ef-1d12-4fcd-a49b-2d772d871ae8}</UniqueIdentifier>
    </Filter>
    <Filter Include="Main">
      <UniqueIdentifier>{ba836f7d-47a1-4bfa-815c-94796ffacbdd}</UniqueIdentifier>
    </Filter>
    <Filter Include="CodeUnderTest\头文件">
      <UniqueIdentifier>{51a438b4-6ec9-4ca2-b66a-4240833c6bc2}</UniqueIdentifier>
    </Filter>
    <Filter Include="CodeUnderTest\头文件\Foundation">
      <UniqueIdentifier>{4b3c8d75-fc06-4dea-92e2-df8446b7b745}</UniqueIdentifier>
    </Filter>
    <Filter Include="CodeUnderTest\头文件\TsPacketSiTable">
      <UniqueIdentifier>{aada8ab2-2d76-436c-b3f2-eff1e7b00aed}</UniqueIdentifier>
    </Filter>
    <Filter Include="CodeUnderTest\头文件\SiTableWrapper">
      <UniqueIdentifier>{fd7ddfeb-d6e0-4247-9a50-8216ce68cbd3}</UniqueIdentifier>
    </Filter>
    <Filter Include="CodeUnderTest\头文件\Controller">
      <UniqueIdentifier>{6dd81dde-4c4c-45ef-8378-fb4e05744c70}</UniqueIdentifier>
    </Filter>
    <Filter Include="CodeUnderTest\头文件\Configuration">
      <UniqueIdentifier>{4658dc6d-4659-4873-8ded-de44839a1b11}</UniqueIdentifier>
    </Filter>
    <Filter Include="CodeUnderTest\头文件\ConfigurationWrapper">
      <UniqueIdentifier>{37c6249b-fe1d-49bc-a814-f6fc0636a5d7}</UniqueIdentifier>
    </Filter>
    <Filter Include="CodeUnderTest\源文件">
      <UniqueIdentifier>{3ff42032-1486-47f1-b4c9-774f198bcc2a}</UniqueIdentifier>
    </Filter>
    <Filter Include="CodeUnderTest\源文件\Foundation">
      <UniqueIdentifier>{377148d0-1b64-455f-9144-a08bb20e36af}</UniqueIdentifier>
    </Filter>
    <Filter Include="CodeUnderTest\源文件\TsPacketSiTable">
      <UniqueIdentifier>{383cc9b2-b37c-43c8-9836-2423040c9ea5}</UniqueIdentifier>
    </Filter>
    <Filter Include="CodeUnderTest\源文件\Controller">
      <UniqueIdentifier>{39d43af3-71d5-4c5f-8461-8573d9aa881a}</UniqueIdentifier>
    </Filter>
    <Filter Include="CodeUnderTest\源文件\Configuration">
      <UniqueIdentifier>{7d540ef9-33f9-458b-b106-a6fd89c3e0fd}</UniqueIdentifier>
    </Filter>
  </ItemGroup>
  <ItemGroup>
    <ClCompile Include="..\UnitTestCodes\UnitTestLibLinking.cpp">
      <Filter>源文件</Filter>
    </ClCompile>
    <ClCompile Include="..\UnitTestCodes\Main.cpp">
      <Filter>Main</Filter>
    </ClCompile>
    <ClCompile Include="..\UnitTestCodes\UtSiTable.cpp">
      <Filter>源文件</Filter>
    </ClCompile>
    <ClCompile Include="..\UnitTestCodes\DescriptorHelper.cpp">
      <Filter>源文件</Filter>
    </ClCompile>
    <ClCompile Include="..\UnitTestCodes\UtTransportPacket.cpp">
      <Filter>源文件</Filter>
    </ClCompile>
    <ClCompile Include="..\UnitTestCodes\UtConverter.cpp">
      <Filter>源文件</Filter>
    </ClCompile>
    <ClCompile Include="..\UnitTestCodes\UtSiTableXmlWrapperInterface.cpp">
      <Filter>源文件</Filter>
    </ClCompile>
    <ClCompile Include="..\Codes\Src\Foundation\LibLinking.cpp">
      <Filter>CodeUnderTest\源文件\Foundation</Filter>
    </ClCompile>
    <ClCompile Include="..\Codes\Src\Foundation\PacketHelper.cpp">
      <Filter>CodeUnderTest\源文件\Foundation</Filter>
    </ClCompile>
    <ClCompile Include="..\Codes\Src\Foundation\Converter.cpp">
      <Filter>CodeUnderTest\源文件\Foundation</Filter>
    </ClCompile>
    <ClCompile Include="..\Codes\Src\Foundation\Crc32.cpp">
      <Filter>CodeUnderTest\源文件\Foundation</Filter>
    </ClCompile>
    <ClCompile Include="..\Codes\Src\Foundation\Debug.cpp">
      <Filter>CodeUnderTest\源文件\Foundation</Filter>
    </ClCompile>
    <ClCompile Include="..\Codes\Src\Foundation\Delete.cpp">
      <Filter>CodeUnderTest\源文件\Foundation</Filter>
    </ClCompile>
    <ClCompile Include="..\Codes\Src\Foundation\Time.cpp">
      <Filter>CodeUnderTest\源文件\Foundation</Filter>
    </ClCompile>
    <ClCompile Include="..\Codes\Src\TsPacketSiTable\Bat.cpp">
      <Filter>CodeUnderTest\源文件\TsPacketSiTable</Filter>
    </ClCompile>
    <ClCompile Include="..\Codes\Src\TsPacketSiTable\CatchHelper.cpp">
      <Filter>CodeUnderTest\源文件\TsPacketSiTable</Filter>
    </ClCompile>
    <ClCompile Include="..\Codes\Src\TsPacketSiTable\Descriptor.cpp">
      <Filter>CodeUnderTest\源文件\TsPacketSiTable</Filter>
    </ClCompile>
    <ClCompile Include="..\Codes\Src\TsPacketSiTable\Eit.cpp">
      <Filter>CodeUnderTest\源文件\TsPacketSiTable</Filter>
    </ClCompile>
    <ClCompile Include="..\Codes\Src\TsPacketSiTable\Nit.cpp">
      <Filter>CodeUnderTest\源文件\TsPacketSiTable</Filter>
    </ClCompile>
    <ClCompile Include="..\Codes\Src\TsPacketSiTable\Sdt.cpp">
      <Filter>CodeUnderTest\源文件\TsPacketSiTable</Filter>
    </ClCompile>
    <ClCompile Include="..\Codes\Src\TsPacketSiTable\TransportStream.cpp">
      <Filter>CodeUnderTest\源文件\TsPacketSiTable</Filter>
    </ClCompile>
    <ClCompile Include="..\Codes\Src\TsPacketSiTable\TransportPacket.cpp">
      <Filter>CodeUnderTest\源文件\TsPacketSiTable</Filter>
    </ClCompile>
    <ClCompile Include="..\Codes\Src\Controller\Controller.cpp">
      <Filter>CodeUnderTest\源文件\Controller</Filter>
    </ClCompile>
    <ClCompile Include="..\Codes\Src\Controller\TimerRepository.cpp">
      <Filter>CodeUnderTest\源文件\Controller</Filter>
    </ClCompile>
    <ClCompile Include="..\Codes\Src\Configuration\DirCfg.cpp">
      <Filter>CodeUnderTest\源文件\Configuration</Filter>
    </ClCompile>
    <ClCompile Include="..\Codes\Src\Configuration\NetworksCfg.cpp">
      <Filter>CodeUnderTest\源文件\Configuration</Filter>
    </ClCompile>
    <ClCompile Include="..\Codes\Src\Configuration\TimerCfg.cpp">
      <Filter>CodeUnderTest\源文件\Configuration</Filter>
    </ClCompile>
  </ItemGroup>
  <ItemGroup>
    <ClInclude Include="..\UnitTestCodes\UtSiTable.h">
      <Filter>源文件</Filter>
    </ClInclude>
    <ClInclude Include="..\UnitTestCodes\DescriptorHelper.h">
      <Filter>源文件</Filter>
    </ClInclude>
    <ClInclude Include="..\UnitTestCodes\UtTransportPacket.h">
      <Filter>源文件</Filter>
    </ClInclude>
    <ClInclude Include="..\UnitTestCodes\UtConverter.h">
      <Filter>源文件</Filter>
    </ClInclude>
    <ClInclude Include="..\UnitTestCodes\UtSiTableXmlWrapperInterface.h">
      <Filter>源文件</Filter>
    </ClInclude>
    <ClInclude Include="..\Codes\Include\Foundation\ContainerBase.h">
      <Filter>CodeUnderTest\头文件\Foundation</Filter>
    </ClInclude>
    <ClInclude Include="..\Codes\Include\Foundation\Converter.h">
      <Filter>CodeUnderTest\头文件\Foundation</Filter>
    </ClInclude>
    <ClInclude Include="..\Codes\Include\Foundation\Crc32.h">
      <Filter>CodeUnderTest\头文件\Foundation</Filter>
    </ClInclude>
    <ClInclude Include="..\Codes\Include\Foundation\Debug.h">
      <Filter>CodeUnderTest\头文件\Foundation</Filter>
    </ClInclude>
    <ClInclude Include="..\Codes\Include\Foundation\Deleter.h">
      <Filter>CodeUnderTest\头文件\Foundation</Filter>
    </ClInclude>
    <ClInclude Include="..\Codes\Include\Foundation\PacketHelper.h">
      <Filter>CodeUnderTest\头文件\Foundation</Filter>
    </ClInclude>
    <ClInclude Include="..\Codes\Include\Foundation\SystemInclude.h">
      <Filter>CodeUnderTest\头文件\Foundation</Filter>
    </ClInclude>
    <ClInclude Include="..\Codes\Include\Foundation\Time.h">
      <Filter>CodeUnderTest\头文件\Foundation</Filter>
    </ClInclude>
    <ClInclude Include="..\Codes\Include\Foundation\Type.h">
      <Filter>CodeUnderTest\头文件\Foundation</Filter>
    </ClInclude>
    <ClInclude Include="..\Codes\Include\Foundation\XmlHelper.h">
      <Filter>CodeUnderTest\头文件\Foundation</Filter>
    </ClInclude>
    <ClInclude Include="..\Codes\Include\TsPacketSiTable\SiTableInterface.h">
      <Filter>CodeUnderTest\头文件\TsPacketSiTable</Filter>
    </ClInclude>
    <ClInclude Include="..\Codes\Include\TsPacketSiTable\TransportPacketInterface.h">
      <Filter>CodeUnderTest\头文件\TsPacketSiTable</Filter>
    </ClInclude>
    <ClInclude Include="..\Codes\Include\SiTableWrapper\SiTableXmlWrapperInterface.h">
      <Filter>CodeUnderTest\头文件\SiTableWrapper</Filter>
    </ClInclude>
    <ClInclude Include="..\Codes\Include\Controller\ControllerInterface.h">
      <Filter>CodeUnderTest\头文件\Controller</Filter>
    </ClInclude>
    <ClInclude Include="..\Codes\Include\Configuration\DirCfgInterface.h">
      <Filter>CodeUnderTest\头文件\Configuration</Filter>
    </ClInclude>
    <ClInclude Include="..\Codes\Include\Configuration\NetworkCfgInterface.h">
      <Filter>CodeUnderTest\头文件\Configuration</Filter>
    </ClInclude>
    <ClInclude Include="..\Codes\Include\Configuration\TimerCfgInterface.h">
      <Filter>CodeUnderTest\头文件\Configuration</Filter>
    </ClInclude>
    <ClInclude Include="..\Codes\Include\ConfigurationWrapper\NetworkCfgWrapperInterface.h">
      <Filter>CodeUnderTest\头文件\ConfigurationWrapper</Filter>
    </ClInclude>
    <ClInclude Include="..\Codes\Include\ConfigurationWrapper\NetworkRelationWrapperInterface.h">
      <Filter>CodeUnderTest\头文件\ConfigurationWrapper</Filter>
    </ClInclude>
    <ClInclude Include="..\Codes\Include\ConfigurationWrapper\TimerCfgWrapperInterface.h">
      <Filter>CodeUnderTest\头文件\ConfigurationWrapper</Filter>
    </ClInclude>
    <ClInclude Include="..\Codes\Src\TsPacketSiTable\Bat.h">
      <Filter>CodeUnderTest\源文件\TsPacketSiTable</Filter>
    </ClInclude>
    <ClInclude Include="..\Codes\Src\TsPacketSiTable\CatchHelper.h">
      <Filter>CodeUnderTest\源文件\TsPacketSiTable</Filter>
    </ClInclude>
    <ClInclude Include="..\Codes\Src\TsPacketSiTable\Descriptor.h">
      <Filter>CodeUnderTest\源文件\TsPacketSiTable</Filter>
    </ClInclude>
    <ClInclude Include="..\Codes\Src\TsPacketSiTable\Eit.h">
      <Filter>CodeUnderTest\源文件\TsPacketSiTable</Filter>
    </ClInclude>
    <ClInclude Include="..\Codes\Src\TsPacketSiTable\Nit.h">
      <Filter>CodeUnderTest\源文件\TsPacketSiTable</Filter>
    </ClInclude>
    <ClInclude Include="..\Codes\Src\TsPacketSiTable\Sdt.h">
      <Filter>CodeUnderTest\源文件\TsPacketSiTable</Filter>
    </ClInclude>
    <ClInclude Include="..\Codes\Src\TsPacketSiTable\SiTableTemplate.h">
      <Filter>CodeUnderTest\源文件\TsPacketSiTable</Filter>
    </ClInclude>
    <ClInclude Include="..\Codes\Src\TsPacketSiTable\TransportStream.h">
      <Filter>CodeUnderTest\源文件\TsPacketSiTable</Filter>
    </ClInclude>
    <ClInclude Include="..\Codes\Src\TsPacketSiTable\TransportPacket.h">
      <Filter>CodeUnderTest\源文件\TsPacketSiTable</Filter>
    </ClInclude>
    <ClInclude Include="..\Codes\Src\Controller\Controller.h">
      <Filter>CodeUnderTest\源文件\Controller</Filter>
    </ClInclude>
    <ClInclude Include="..\Codes\Src\Controller\TimerRepository.h">
      <Filter>CodeUnderTest\源文件\Controller</Filter>
    </ClInclude>
    <ClInclude Include="..\Codes\Src\Configuration\DirCfg.h">
      <Filter>CodeUnderTest\源文件\Configuration</Filter>
    </ClInclude>
    <ClInclude Include="..\Codes\Src\Configuration\NetworksCfg.h">
      <Filter>CodeUnderTest\源文件\Configuration</Filter>
    </ClInclude>
    <ClInclude Include="..\Codes\Src\Configuration\TimerCfg.h">
      <Filter>CodeUnderTest\源文件\Configuration</Filter>
    </ClInclude>
  </ItemGroup>
</Project>