<?xml version="1.0" encoding="utf-8"?>
<Project ToolsVersion="4.0" xmlns="http://schemas.microsoft.com/developer/msbuild/2003">
  <ItemGroup>
    <Filter Include="资源文件">
      <UniqueIdentifier>{67DA6AB6-F800-4c08-8B7A-83BB121AAD01}</UniqueIdentifier>
      <Extensions>rc;ico;cur;bmp;dlg;rc2;rct;bin;rgs;gif;jpg;jpeg;jpe;resx;tiff;tif;png;wav;mfcribbon-ms</Extensions>
    </Filter>
    <Filter Include="CodeUnderTest">
      <UniqueIdentifier>{983cf2bd-918e-419a-b1b9-1f0811b294bf}</UniqueIdentifier>
    </Filter>
    <Filter Include="源文件">
      <UniqueIdentifier>{1b36b2ef-1d12-4fcd-a49b-2d772d871ae8}</UniqueIdentifier>
    </Filter>
    <Filter Include="Main">
      <UniqueIdentifier>{ba836f7d-47a1-4bfa-815c-94796ffacbdd}</UniqueIdentifier>
    </Filter>
    <Filter Include="CodeUnderTest\源文件">
      <UniqueIdentifier>{ede36230-f915-4b94-9f27-c1c3ca5d8b94}</UniqueIdentifier>
    </Filter>
    <Filter Include="CodeUnderTest\源文件\Foundation">
      <UniqueIdentifier>{2255b689-39d2-4a08-88aa-5b2cfecaa021}</UniqueIdentifier>
    </Filter>
    <Filter Include="CodeUnderTest\源文件\TsPacketSiTable">
      <UniqueIdentifier>{992d2b0b-0493-4443-ac76-2fc4a0fe60c1}</UniqueIdentifier>
    </Filter>
    <Filter Include="CodeUnderTest\源文件\Controller">
      <UniqueIdentifier>{637a3112-e709-4f44-a03a-1bf0c09250a5}</UniqueIdentifier>
    </Filter>
    <Filter Include="CodeUnderTest\源文件\Configuration">
      <UniqueIdentifier>{d0aba6d1-ad31-413b-991b-13af7ae1f5ab}</UniqueIdentifier>
    </Filter>
    <Filter Include="CodeUnderTest\头文件">
      <UniqueIdentifier>{5e4771ee-2842-44f2-95c0-6ea4e46c053a}</UniqueIdentifier>
    </Filter>
    <Filter Include="CodeUnderTest\头文件\Foundation">
      <UniqueIdentifier>{aed5374d-0ca3-47f8-a75b-dd0b642139c1}</UniqueIdentifier>
    </Filter>
    <Filter Include="CodeUnderTest\头文件\TsPacketSiTable">
      <UniqueIdentifier>{67eebf59-3c2a-4320-a181-3dca429c0259}</UniqueIdentifier>
    </Filter>
    <Filter Include="CodeUnderTest\头文件\SiTableWrapper">
      <UniqueIdentifier>{d636a08e-b141-48ce-a005-e9a04b5f2467}</UniqueIdentifier>
    </Filter>
    <Filter Include="CodeUnderTest\头文件\Controller">
      <UniqueIdentifier>{34d21c60-d988-45cb-8f78-b981840d862e}</UniqueIdentifier>
    </Filter>
    <Filter Include="CodeUnderTest\头文件\Configuration">
      <UniqueIdentifier>{2b007614-ed8a-4da9-aa5b-677aa4d23e8c}</UniqueIdentifier>
    </Filter>
    <Filter Include="CodeUnderTest\头文件\ConfigurationWrapper">
      <UniqueIdentifier>{b98195aa-24ff-4305-a918-af89e46a4f8e}</UniqueIdentifier>
    </Filter>
  </ItemGroup>
  <ItemGroup>
    <ClCompile Include="..\UnitTestCodes\UnitTestLibLinking.cpp">
      <Filter>源文件</Filter>
    </ClCompile>
    <ClCompile Include="..\UnitTestCodes\Main.cpp">
      <Filter>Main</Filter>
    </ClCompile>
    <ClCompile Include="..\Codes\Src\Foundation\LibLinking.cpp">
      <Filter>CodeUnderTest\源文件\Foundation</Filter>
    </ClCompile>
    <ClCompile Include="..\Codes\Src\Foundation\PacketHelper.cpp">
      <Filter>CodeUnderTest\源文件\Foundation</Filter>
    </ClCompile>
    <ClCompile Include="..\Codes\Src\Foundation\Converter.cpp">
      <Filter>CodeUnderTest\源文件\Foundation</Filter>
    </ClCompile>
    <ClCompile Include="..\Codes\Src\Foundation\Crc32.cpp">
      <Filter>CodeUnderTest\源文件\Foundation</Filter>
    </ClCompile>
    <ClCompile Include="..\Codes\Src\Foundation\Debug.cpp">
      <Filter>CodeUnderTest\源文件\Foundation</Filter>
    </ClCompile>
    <ClCompile Include="..\Codes\Src\Foundation\Delete.cpp">
      <Filter>CodeUnderTest\源文件\Foundation</Filter>
    </ClCompile>
    <ClCompile Include="..\Codes\Src\Foundation\Time.cpp">
      <Filter>CodeUnderTest\源文件\Foundation</Filter>
    </ClCompile>
    <ClCompile Include="..\Codes\Src\TsPacketSiTable\Bat.cpp">
      <Filter>CodeUnderTest\源文件\TsPacketSiTable</Filter>
    </ClCompile>
    <ClCompile Include="..\Codes\Src\TsPacketSiTable\Descriptor.cpp">
      <Filter>CodeUnderTest\源文件\TsPacketSiTable</Filter>
    </ClCompile>
    <ClCompile Include="..\Codes\Src\TsPacketSiTable\Eit.cpp">
      <Filter>CodeUnderTest\源文件\TsPacketSiTable</Filter>
    </ClCompile>
    <ClCompile Include="..\Codes\Src\TsPacketSiTable\Nit.cpp">
      <Filter>CodeUnderTest\源文件\TsPacketSiTable</Filter>
    </ClCompile>
    <ClCompile Include="..\Codes\Src\TsPacketSiTable\Sdt.cpp">
      <Filter>CodeUnderTest\源文件\TsPacketSiTable</Filter>
    </ClCompile>
    <ClCompile Include="..\Codes\Src\TsPacketSiTable\TransportStream.cpp">
      <Filter>CodeUnderTest\源文件\TsPacketSiTable</Filter>
    </ClCompile>
    <ClCompile Include="..\Codes\Src\TsPacketSiTable\TsPacket.cpp">
      <Filter>CodeUnderTest\源文件\TsPacketSiTable</Filter>
    </ClCompile>
    <ClCompile Include="..\Codes\Src\Controller\Controller.cpp">
      <Filter>CodeUnderTest\源文件\Controller</Filter>
    </ClCompile>
    <ClCompile Include="..\Codes\Src\Controller\TimerRepository.cpp">
      <Filter>CodeUnderTest\源文件\Controller</Filter>
    </ClCompile>
    <ClCompile Include="..\Codes\Src\Configuration\DirCfg.cpp">
      <Filter>CodeUnderTest\源文件\Configuration</Filter>
    </ClCompile>
    <ClCompile Include="..\Codes\Src\Configuration\NetworksCfg.cpp">
      <Filter>CodeUnderTest\源文件\Configuration</Filter>
    </ClCompile>
    <ClCompile Include="..\Codes\Src\Configuration\TimerCfg.cpp">
      <Filter>CodeUnderTest\源文件\Configuration</Filter>
    </ClCompile>
    <ClCompile Include="..\UnitTestCodes\Example.cpp">
      <Filter>源文件</Filter>
    </ClCompile>
    <ClCompile Include="..\UnitTestCodes\SiTable.cpp">
      <Filter>源文件</Filter>
    </ClCompile>
    <ClCompile Include="..\UnitTestCodes\MpegTransportStream.cpp">
      <Filter>源文件</Filter>
    </ClCompile>
    <ClCompile Include="..\UnitTestCodes\DescriptorHelper.cpp">
      <Filter>源文件</Filter>
    </ClCompile>
  </ItemGroup>
  <ItemGroup>
    <ClInclude Include="..\Codes\Src\TsPacketSiTable\Bat.h">
      <Filter>CodeUnderTest\源文件\TsPacketSiTable</Filter>
    </ClInclude>
    <ClInclude Include="..\Codes\Src\TsPacketSiTable\Descriptor.h">
      <Filter>CodeUnderTest\源文件\TsPacketSiTable</Filter>
    </ClInclude>
    <ClInclude Include="..\Codes\Src\TsPacketSiTable\Eit.h">
      <Filter>CodeUnderTest\源文件\TsPacketSiTable</Filter>
    </ClInclude>
    <ClInclude Include="..\Codes\Src\TsPacketSiTable\Nit.h">
      <Filter>CodeUnderTest\源文件\TsPacketSiTable</Filter>
    </ClInclude>
    <ClInclude Include="..\Codes\Src\TsPacketSiTable\Sdt.h">
      <Filter>CodeUnderTest\源文件\TsPacketSiTable</Filter>
    </ClInclude>
    <ClInclude Include="..\Codes\Src\TsPacketSiTable\TransportStream.h">
      <Filter>CodeUnderTest\源文件\TsPacketSiTable</Filter>
    </ClInclude>
    <ClInclude Include="..\Codes\Src\TsPacketSiTable\TsPacket.h">
      <Filter>CodeUnderTest\源文件\TsPacketSiTable</Filter>
    </ClInclude>
    <ClInclude Include="..\Codes\Src\Controller\Controller.h">
      <Filter>CodeUnderTest\源文件\Controller</Filter>
    </ClInclude>
    <ClInclude Include="..\Codes\Src\Controller\TimerRepository.h">
      <Filter>CodeUnderTest\源文件\Controller</Filter>
    </ClInclude>
    <ClInclude Include="..\Codes\Src\Configuration\DirCfg.h">
      <Filter>CodeUnderTest\源文件\Configuration</Filter>
    </ClInclude>
    <ClInclude Include="..\Codes\Src\Configuration\NetworksCfg.h">
      <Filter>CodeUnderTest\源文件\Configuration</Filter>
    </ClInclude>
    <ClInclude Include="..\Codes\Src\Configuration\TimerCfg.h">
      <Filter>CodeUnderTest\源文件\Configuration</Filter>
    </ClInclude>
    <ClInclude Include="..\Codes\Include\Foundation\ContainerBase.h">
      <Filter>CodeUnderTest\头文件\Foundation</Filter>
    </ClInclude>
    <ClInclude Include="..\Codes\Include\Foundation\Converter.h">
      <Filter>CodeUnderTest\头文件\Foundation</Filter>
    </ClInclude>
    <ClInclude Include="..\Codes\Include\Foundation\Crc32.h">
      <Filter>CodeUnderTest\头文件\Foundation</Filter>
    </ClInclude>
    <ClInclude Include="..\Codes\Include\Foundation\Debug.h">
      <Filter>CodeUnderTest\头文件\Foundation</Filter>
    </ClInclude>
    <ClInclude Include="..\Codes\Include\Foundation\Deleter.h">
      <Filter>CodeUnderTest\头文件\Foundation</Filter>
    </ClInclude>
    <ClInclude Include="..\Codes\Include\Foundation\PacketHelper.h">
      <Filter>CodeUnderTest\头文件\Foundation</Filter>
    </ClInclude>
    <ClInclude Include="..\Codes\Include\Foundation\SystemInclude.h">
      <Filter>CodeUnderTest\头文件\Foundation</Filter>
    </ClInclude>
    <ClInclude Include="..\Codes\Include\Foundation\Time.h">
      <Filter>CodeUnderTest\头文件\Foundation</Filter>
    </ClInclude>
    <ClInclude Include="..\Codes\Include\Foundation\Type.h">
      <Filter>CodeUnderTest\头文件\Foundation</Filter>
    </ClInclude>
    <ClInclude Include="..\Codes\Include\Foundation\XmlHelper.h">
      <Filter>CodeUnderTest\头文件\Foundation</Filter>
    </ClInclude>
    <ClInclude Include="..\Codes\Include\TsPacketSiTable\SiTableInterface.h">
      <Filter>CodeUnderTest\头文件\TsPacketSiTable</Filter>
    </ClInclude>
    <ClInclude Include="..\Codes\Include\TsPacketSiTable\TsPacketInterface.h">
      <Filter>CodeUnderTest\头文件\TsPacketSiTable</Filter>
    </ClInclude>
    <ClInclude Include="..\Codes\Include\SiTableWrapper\SiTableXmlWrapperInterface.h">
      <Filter>CodeUnderTest\头文件\SiTableWrapper</Filter>
    </ClInclude>
    <ClInclude Include="..\Codes\Include\Controller\ControllerInterface.h">
      <Filter>CodeUnderTest\头文件\Controller</Filter>
    </ClInclude>
    <ClInclude Include="..\Codes\Include\Configuration\DirCfgInterface.h">
      <Filter>CodeUnderTest\头文件\Configuration</Filter>
    </ClInclude>
    <ClInclude Include="..\Codes\Include\Configuration\NetworkCfgInterface.h">
      <Filter>CodeUnderTest\头文件\Configuration</Filter>
    </ClInclude>
    <ClInclude Include="..\Codes\Include\Configuration\TimerCfgInterface.h">
      <Filter>CodeUnderTest\头文件\Configuration</Filter>
    </ClInclude>
    <ClInclude Include="..\Codes\Include\ConfigurationWrapper\DirCfgWrapperInterface.h">
      <Filter>CodeUnderTest\头文件\ConfigurationWrapper</Filter>
    </ClInclude>
    <ClInclude Include="..\Codes\Include\ConfigurationWrapper\NetworkCfgWrapperInterface.h">
      <Filter>CodeUnderTest\头文件\ConfigurationWrapper</Filter>
    </ClInclude>
    <ClInclude Include="..\Codes\Include\ConfigurationWrapper\NetworkRelationWrapperInterface.h">
      <Filter>CodeUnderTest\头文件\ConfigurationWrapper</Filter>
    </ClInclude>
    <ClInclude Include="..\Codes\Include\ConfigurationWrapper\TimerCfgWrapperInterface.h">
      <Filter>CodeUnderTest\头文件\ConfigurationWrapper</Filter>
    </ClInclude>
    <ClInclude Include="..\UnitTestCodes\Example.h">
      <Filter>源文件</Filter>
    </ClInclude>
    <ClInclude Include="..\UnitTestCodes\SiTable.h">
      <Filter>源文件</Filter>
    </ClInclude>
    <ClInclude Include="..\UnitTestCodes\MpegTransportStream.h">
      <Filter>源文件</Filter>
    </ClInclude>
    <ClInclude Include="..\UnitTestCodes\DescriptorHelper.h">
      <Filter>源文件</Filter>
    </ClInclude>
  </ItemGroup>
</Project>